
Microsoft Visual Studio Solution File, Format Version 12.00
# Visual Studio Version 17
VisualStudioVersion = 17.5.33530.505
MinimumVisualStudioVersion = 10.0.40219.1
Project("{FAE04EC0-301F-11D3-BF4B-00C04F79EFBC}") = "215. Kth Largest Element in an Array", "215. Kth Largest Element in an Array.csproj", "{6F45F01C-6EE6-406F-8C82-BE587B0BC15E}"
EndProject
Project("{FAE04EC0-301F-11D3-BF4B-00C04F79EFBC}") = "215. Kth Largest Element in an ArrayTests", "..\215. Kth Largest Element in an ArrayTests\215. Kth Largest Element in an ArrayTests.csproj", "{58E4B7E0-F04D-4F39-8E0A-C18C6FB40628}"
EndProject
Global
	GlobalSection(SolutionConfigurationPlatforms) = preSolution
		Debug|Any CPU = Debug|Any CPU
		Release|Any CPU = Release|Any CPU
	EndGlobalSection
	GlobalSection(ProjectConfigurationPlatforms) = postSolution
		{6F45F01C-6EE6-406F-8C82-BE587B0BC15E}.Debug|Any CPU.ActiveCfg = Debug|Any CPU
		{6F45F01C-6EE6-406F-8C82-BE587B0BC15E}.Debug|Any CPU.Build.0 = Debug|Any CPU
		{6F45F01C-6EE6-406F-8C82-BE587B0BC15E}.Release|Any CPU.ActiveCfg = Release|Any CPU
		{6F45F01C-6EE6-406F-8C82-BE587B0BC15E}.Release|Any CPU.Build.0 = Release|Any CPU
		{58E4B7E0-F04D-4F39-8E0A-C18C6FB40628}.Debug|Any CPU.ActiveCfg = Debug|Any CPU
		{58E4B7E0-F04D-4F39-8E0A-C18C6FB40628}.Debug|Any CPU.Build.0 = Debug|Any CPU
		{58E4B7E0-F04D-4F39-8E0A-C18C6FB40628}.Release|Any CPU.ActiveCfg = Release|Any CPU
		{58E4B7E0-F04D-4F39-8E0A-C18C6FB40628}.Release|Any CPU.Build.0 = Release|Any CPU
	EndGlobalSection
	GlobalSection(SolutionProperties) = preSolution
		HideSolutionNode = FALSE
	EndGlobalSection
	GlobalSection(ExtensibilityGlobals) = postSolution
		SolutionGuid = {7A225836-92B0-4561-8B15-2EF1B0D26EBA}
	EndGlobalSection
EndGlobal
