
Microsoft Visual Studio Solution File, Format Version 12.00
# Visual Studio Version 17
VisualStudioVersion = 17.5.33530.505
MinimumVisualStudioVersion = 10.0.40219.1
Project("{FAE04EC0-301F-11D3-BF4B-00C04F79EFBC}") = "Solution", "Solution.csproj", "{FBE2F7C3-5E2E-4540-84B0-33F4DABA1B6C}"
EndProject
Project("{FAE04EC0-301F-11D3-BF4B-00C04F79EFBC}") = "SolutionTests", "..\SolutionTests\SolutionTests.csproj", "{0010D004-A74F-4316-BF60-86C9121CAA85}"
EndProject
Global
	GlobalSection(SolutionConfigurationPlatforms) = preSolution
		Debug|Any CPU = Debug|Any CPU
		Release|Any CPU = Release|Any CPU
	EndGlobalSection
	GlobalSection(ProjectConfigurationPlatforms) = postSolution
		{FBE2F7C3-5E2E-4540-84B0-33F4DABA1B6C}.Debug|Any CPU.ActiveCfg = Debug|Any CPU
		{FBE2F7C3-5E2E-4540-84B0-33F4DABA1B6C}.Debug|Any CPU.Build.0 = Debug|Any CPU
		{FBE2F7C3-5E2E-4540-84B0-33F4DABA1B6C}.Release|Any CPU.ActiveCfg = Release|Any CPU
		{FBE2F7C3-5E2E-4540-84B0-33F4DABA1B6C}.Release|Any CPU.Build.0 = Release|Any CPU
		{0010D004-A74F-4316-BF60-86C9121CAA85}.Debug|Any CPU.ActiveCfg = Debug|Any CPU
		{0010D004-A74F-4316-BF60-86C9121CAA85}.Debug|Any CPU.Build.0 = Debug|Any CPU
		{0010D004-A74F-4316-BF60-86C9121CAA85}.Release|Any CPU.ActiveCfg = Release|Any CPU
		{0010D004-A74F-4316-BF60-86C9121CAA85}.Release|Any CPU.Build.0 = Release|Any CPU
	EndGlobalSection
	GlobalSection(SolutionProperties) = preSolution
		HideSolutionNode = FALSE
	EndGlobalSection
	GlobalSection(ExtensibilityGlobals) = postSolution
		SolutionGuid = {34D5F179-8897-4BA1-B668-756BBD1B8D04}
	EndGlobalSection
EndGlobal
